
Microsoft Visual Studio Solution File, Format Version 12.00
# Visual Studio Version 17
VisualStudioVersion = 17.0.31903.59
MinimumVisualStudioVersion = 10.0.40219.1
Project("{9A19103F-16F7-4668-BE54-9A1E7A4F7556}") = "DemoApp", "src\DemoApp.csproj", "{4644960F-79B6-4A4F-BFC0-E8D3EB61ECE8}"
EndProject
Project("{930C7802-8A8C-48F9-8165-68863BCCD9DD}") = "AppInstaller", "src\AppInstaller\AppInstaller.wixproj", "{F226A59E-58AD-4A58-90E3-51BD6C6B406C}"
EndProject
Project("{930C7802-8A8C-48F9-8165-68863BCCD9DD}") = "DataInstaller", "src\DataInstaller\DataInstaller.wixproj", "{0EE9B4E6-AC69-4546-B683-A0331B75C37A}"
EndProject
Global
	GlobalSection(SolutionConfigurationPlatforms) = preSolution
		Debug|Any CPU = Debug|Any CPU
		Debug|x86 = Debug|x86
		Release|Any CPU = Release|Any CPU
		Release|x86 = Release|x86
	EndGlobalSection
	GlobalSection(ProjectConfigurationPlatforms) = postSolution
		{4644960F-79B6-4A4F-BFC0-E8D3EB61ECE8}.Debug|Any CPU.ActiveCfg = Debug|Any CPU
		{4644960F-79B6-4A4F-BFC0-E8D3EB61ECE8}.Debug|Any CPU.Build.0 = Debug|Any CPU
		{4644960F-79B6-4A4F-BFC0-E8D3EB61ECE8}.Debug|x86.ActiveCfg = Debug|Any CPU
		{4644960F-79B6-4A4F-BFC0-E8D3EB61ECE8}.Debug|x86.Build.0 = Debug|Any CPU
		{4644960F-79B6-4A4F-BFC0-E8D3EB61ECE8}.Release|Any CPU.ActiveCfg = Release|Any CPU
		{4644960F-79B6-4A4F-BFC0-E8D3EB61ECE8}.Release|Any CPU.Build.0 = Release|Any CPU
		{4644960F-79B6-4A4F-BFC0-E8D3EB61ECE8}.Release|x86.ActiveCfg = Release|Any CPU
		{4644960F-79B6-4A4F-BFC0-E8D3EB61ECE8}.Release|x86.Build.0 = Release|Any CPU
		{F226A59E-58AD-4A58-90E3-51BD6C6B406C}.Debug|Any CPU.ActiveCfg = Debug|x86
		{F226A59E-58AD-4A58-90E3-51BD6C6B406C}.Debug|Any CPU.Build.0 = Debug|x86
		{F226A59E-58AD-4A58-90E3-51BD6C6B406C}.Debug|x86.ActiveCfg = Debug|x86
		{F226A59E-58AD-4A58-90E3-51BD6C6B406C}.Debug|x86.Build.0 = Debug|x86
		{F226A59E-58AD-4A58-90E3-51BD6C6B406C}.Release|Any CPU.ActiveCfg = Release|x86
		{F226A59E-58AD-4A58-90E3-51BD6C6B406C}.Release|Any CPU.Build.0 = Release|x86
		{F226A59E-58AD-4A58-90E3-51BD6C6B406C}.Release|x86.ActiveCfg = Release|x86
		{F226A59E-58AD-4A58-90E3-51BD6C6B406C}.Release|x86.Build.0 = Release|x86
		{0EE9B4E6-AC69-4546-B683-A0331B75C37A}.Debug|Any CPU.ActiveCfg = Debug|x86
		{0EE9B4E6-AC69-4546-B683-A0331B75C37A}.Debug|Any CPU.Build.0 = Debug|x86
		{0EE9B4E6-AC69-4546-B683-A0331B75C37A}.Debug|x86.ActiveCfg = Debug|x86
		{0EE9B4E6-AC69-4546-B683-A0331B75C37A}.Debug|x86.Build.0 = Debug|x86
		{0EE9B4E6-AC69-4546-B683-A0331B75C37A}.Release|Any CPU.ActiveCfg = Release|x86
		{0EE9B4E6-AC69-4546-B683-A0331B75C37A}.Release|Any CPU.Build.0 = Release|x86
		{0EE9B4E6-AC69-4546-B683-A0331B75C37A}.Release|x86.ActiveCfg = Release|x86
		{0EE9B4E6-AC69-4546-B683-A0331B75C37A}.Release|x86.Build.0 = Release|x86
	EndGlobalSection
	GlobalSection(SolutionProperties) = preSolution
		HideSolutionNode = FALSE
	EndGlobalSection
	GlobalSection(ExtensibilityGlobals) = postSolution
		SolutionGuid = {016C4EA9-258D-4C34-AABF-497DD5E80FE3}
	EndGlobalSection
EndGlobal
